lockfileVersion: '6.0'

dependencies:
  '@w5/svg2webp':
    specifier: ^0.0.29
    version: 0.0.29
  '~':
    specifier: link:.
    version: 'link:'

packages:

  /@w5/svg2webp-android-arm-eabi@0.0.29:
    resolution: {integrity: sha512-2lfUglPak6E9O932RXsuIR7JcNu9HjXUdU50axNmhzLS3Jj3zMS/hvZdzTE7TD3ksOuJjfxE486OWmEpSIM3yw==}
    engines: {node: '>= 10'}
    cpu: [arm]
    os: [android]
    requiresBuild: true
    dev: false
    optional: true

  /@w5/svg2webp-android-arm64@0.0.29:
    resolution: {integrity: sha512-EcGerpenzGs4N6O169+eXhihAOJ9AYTin2wGwp7AOeRupeACDm65I5kYkzMBhstjhDtACxSf6IsJl5pb+yd6XQ==}
    engines: {node: '>= 10'}
    cpu: [arm64]
    os: [android]
    requiresBuild: true
    dev: false
    optional: true

  /@w5/svg2webp-darwin-arm64@0.0.29:
    resolution: {integrity: sha512-Y3tpkcOWX02PFi90BbqCyBWt1Uj0ZzU3qp7th3nuoV+cXb1ynF2CwE0BZqtdjjDKevOPP7E+l5hcCftH/lWghw==}
    engines: {node: '>= 10'}
    cpu: [arm64]
    os: [darwin]
    requiresBuild: true
    dev: false
    optional: true

  /@w5/svg2webp-darwin-universal@0.0.29:
    resolution: {integrity: sha512-Lujm9a/86u7OFlsiB3BJmXHwOM17SA3gy4M59VANwE/DRvMBOs0XZkHgaEI/sakpMR3wiJdV8G5cbPfRBejiew==}
    engines: {node: '>= 10'}
    os: [darwin]
    requiresBuild: true
    dev: false
    optional: true

  /@w5/svg2webp-darwin-x64@0.0.29:
    resolution: {integrity: sha512-g0SWKu6wGNjBRb00kckBQ/BkIeBkJtRpBBimDnHXQpkLq3xbc9PdvMVyyuXSArt04M4vSPyB8wUZwXS08kFrIg==}
    engines: {node: '>= 10'}
    cpu: [x64]
    os: [darwin]
    requiresBuild: true
    dev: false
    optional: true

  /@w5/svg2webp-freebsd-x64@0.0.29:
    resolution: {integrity: sha512-FRCQ8EwRRnvPKHZC0nUiM0kzPGsNHhBbRkUVEKH9k+TIvPtDcGjk2w5zFO/OnNf8WCJGYfVqlyieIhoRO6LIww==}
    engines: {node: '>= 10'}
    cpu: [x64]
    os: [freebsd]
    requiresBuild: true
    dev: false
    optional: true

  /@w5/svg2webp-linux-arm-gnueabihf@0.0.29:
    resolution: {integrity: sha512-3+lJsV1KTwIqtDkkhE9hBZhmpt4zqoze1GFMUw7aMiGB6RjNlL0WwYta32nMJQ7FFiZOcDAE193/rg4SobOVGA==}
    engines: {node: '>= 10'}
    cpu: [arm]
    os: [linux]
    requiresBuild: true
    dev: false
    optional: true

  /@w5/svg2webp-linux-arm64-gnu@0.0.29:
    resolution: {integrity: sha512-+w7PSvwHgDvLf3x6WC5WPLBkuu+29JORvpOQ9Wo4r8gtaTSn/DGMraa6AWghk/0LdWN63axvt9N9UErlsAej7Q==}
    engines: {node: '>= 10'}
    cpu: [arm64]
    os: [linux]
    requiresBuild: true
    dev: false
    optional: true

  /@w5/svg2webp-linux-arm64-musl@0.0.29:
    resolution: {integrity: sha512-b8FI+QB746Ug6JT21eIEKbQ2mEIkkUADxfOPf9ETeJUYwt9xdayxlVXl/+zKiuQbLM1kUrgdwwviUqi2nrp0Lg==}
    engines: {node: '>= 10'}
    cpu: [arm64]
    os: [linux]
    requiresBuild: true
    dev: false
    optional: true

  /@w5/svg2webp-linux-x64-gnu@0.0.29:
    resolution: {integrity: sha512-OmTdACvgLUYJcm/fbBel93pF6xXfBl1Yrt1iaeEK04uCV3eJNu0LQw9E7mdoEWgyBBG7VjlRLgo8YMWd7WJdMA==}
    engines: {node: '>= 10'}
    cpu: [x64]
    os: [linux]
    requiresBuild: true
    dev: false
    optional: true

  /@w5/svg2webp-linux-x64-musl@0.0.29:
    resolution: {integrity: sha512-5EcbRN0garV36M7t2r4TthFcpNL4flguvNOe2DDsphSJSAmyKqFevHX3ZoZ7FC5R8vIZPMCWYjPbxQyqXKd19g==}
    engines: {node: '>= 10'}
    cpu: [x64]
    os: [linux]
    requiresBuild: true
    dev: false
    optional: true

  /@w5/svg2webp-win32-arm64-msvc@0.0.29:
    resolution: {integrity: sha512-SBXLwlh0LRHVXAAJ3emP4iZ72wj8G5rVZ3yERkEMPpNSNoKvIzPFrZvEsiz8jylqHGyDoue7hNx6368BshW+Qg==}
    engines: {node: '>= 10'}
    cpu: [arm64]
    os: [win32]
    requiresBuild: true
    dev: false
    optional: true

  /@w5/svg2webp-win32-x64-msvc@0.0.29:
    resolution: {integrity: sha512-aaGpcIgGOaxXKdi23uSzp0j31NcvWhRhzpigYjx9G8mXkygE22AxFvVyAVXqoIawQv6x326yXqDHosJqakH7pA==}
    engines: {node: '>= 10'}
    cpu: [x64]
    os: [win32]
    requiresBuild: true
    dev: false
    optional: true

  /@w5/svg2webp@0.0.29:
    resolution: {integrity: sha512-aj9CJPzcfPqgay32DOxoMzOLoowqbWMKed/A+NTova/JpFqPuZDW2MVzLBvwdrTM7OevYa0I7gDh6Se37/v+PA==}
    engines: {node: '>= 20'}
    dependencies:
      '@w5/utf8': 0.0.3
    optionalDependencies:
      '@w5/svg2webp-android-arm-eabi': 0.0.29
      '@w5/svg2webp-android-arm64': 0.0.29
      '@w5/svg2webp-darwin-arm64': 0.0.29
      '@w5/svg2webp-darwin-universal': 0.0.29
      '@w5/svg2webp-darwin-x64': 0.0.29
      '@w5/svg2webp-freebsd-x64': 0.0.29
      '@w5/svg2webp-linux-arm-gnueabihf': 0.0.29
      '@w5/svg2webp-linux-arm64-gnu': 0.0.29
      '@w5/svg2webp-linux-arm64-musl': 0.0.29
      '@w5/svg2webp-linux-x64-gnu': 0.0.29
      '@w5/svg2webp-linux-x64-musl': 0.0.29
      '@w5/svg2webp-win32-arm64-msvc': 0.0.29
      '@w5/svg2webp-win32-x64-msvc': 0.0.29
    dev: false

  /@w5/utf8@0.0.3:
    resolution: {integrity: sha512-FYkLRJ++nxAVLAzsD953X/Yc7ln7QQeUD2UsbbmtEUDYQYK2kvA7vqqKgwjuMQFUqwJdYdcHx7qtP7IgMUdHsw==}
    dev: false
